
Microsoft Visual Studio Solution File, Format Version 12.00
# Visual Studio 15
VisualStudioVersion = 15.0.28307.421
MinimumVisualStudioVersion = 10.0.40219.1
Project("{8BC9CEB8-8B4A-11D0-8D11-00A0C91BC942}") = "OptotuneLensDriver4i_Controller", "OptotuneLensDriver4i_Controller\OptotuneLensDriver4i_Controller.vcxproj", "{119D3B76-756E-4911-9B33-EB7D9ADB3335}"
EndProject
Global
	GlobalSection(SolutionConfigurationPlatforms) = preSolution
		Debug|x64 = Debug|x64
		Debug|x86 = Debug|x86
		Release|x64 = Release|x64
		Release|x86 = Release|x86
	EndGlobalSection
	GlobalSection(ProjectConfigurationPlatforms) = postSolution
		{119D3B76-756E-4911-9B33-EB7D9ADB3335}.Debug|x64.ActiveCfg = Debug|x64
		{119D3B76-756E-4911-9B33-EB7D9ADB3335}.Debug|x64.Build.0 = Debug|x64
		{119D3B76-756E-4911-9B33-EB7D9ADB3335}.Debug|x86.ActiveCfg = Debug|Win32
		{119D3B76-756E-4911-9B33-EB7D9ADB3335}.Debug|x86.Build.0 = Debug|Win32
		{119D3B76-756E-4911-9B33-EB7D9ADB3335}.Release|x64.ActiveCfg = Release|x64
		{119D3B76-756E-4911-9B33-EB7D9ADB3335}.Release|x64.Build.0 = Release|x64
		{119D3B76-756E-4911-9B33-EB7D9ADB3335}.Release|x86.ActiveCfg = Release|Win32
		{119D3B76-756E-4911-9B33-EB7D9ADB3335}.Release|x86.Build.0 = Release|Win32
	EndGlobalSection
	GlobalSection(SolutionProperties) = preSolution
		HideSolutionNode = FALSE
	EndGlobalSection
	GlobalSection(ExtensibilityGlobals) = postSolution
		SolutionGuid = {EE112EB4-217C-44D4-A2CD-DCF0190D66E8}
	EndGlobalSection
EndGlobal
